// !$*UTF8*$!
{
	archiveVersion = 1;
	classes = {
	};
	objectVersion = 51;
	objects = {

/* Begin PBXBuildFile section */
		424E7CC95BD0A42F2B183656 /* Pods_VicTmdbTests.framework in Frameworks */ = {isa = PBXBuildFile; fileRef = 6749E9B1CCA3D031A9AB8632 /* Pods_VicTmdbTests.framework */; };
		84F19AB938F00CFDFB8D08BC /* Pods_VicTmdb.framework in Frameworks */ = {isa = PBXBuildFile; fileRef = 906E7124FD93105E2B2E4459 /* Pods_VicTmdb.framework */; };
		A03597FA216DD88F0057715A /* FlowLayout.swift in Sources */ = {isa = PBXBuildFile; fileRef = A03597F9216DD88F0057715A /* FlowLayout.swift */; };
		A050C926216FC6C600A03007 /* ErrorHandler.swift in Sources */ = {isa = PBXBuildFile; fileRef = A050C925216FC6C600A03007 /* ErrorHandler.swift */; };
		A050C928216FD59700A03007 /* RxSwift+Retry.swift in Sources */ = {isa = PBXBuildFile; fileRef = A050C927216FD59700A03007 /* RxSwift+Retry.swift */; };
		A050C92A216FD5E400A03007 /* Reachability.swift in Sources */ = {isa = PBXBuildFile; fileRef = A050C929216FD5E400A03007 /* Reachability.swift */; };
		A0C255C9216F5AF20056FCBC /* AppDelegateSpec.swift in Sources */ = {isa = PBXBuildFile; fileRef = A0C255C8216F5AF20056FCBC /* AppDelegateSpec.swift */; };
		A0C255D4216F5F450056FCBC /* MovieSpec.swift in Sources */ = {isa = PBXBuildFile; fileRef = A0C255D2216F5CEC0056FCBC /* MovieSpec.swift */; };
		A0C255D5216F5F510056FCBC /* Stubber.swift in Sources */ = {isa = PBXBuildFile; fileRef = A0C255CF216F5C9E0056FCBC /* Stubber.swift */; };
		A0C255D6216F5F5C0056FCBC /* SearchMovie.json in Resources */ = {isa = PBXBuildFile; fileRef = A0C255CA216F5C850056FCBC /* SearchMovie.json */; };
		A0C255D7216F5F610056FCBC /* PopularMovie.json in Resources */ = {isa = PBXBuildFile; fileRef = A0C255CB216F5C850056FCBC /* PopularMovie.json */; };
		A0C255DE216F5FCB0056FCBC /* SearchMovieVCSpec.swift in Sources */ = {isa = PBXBuildFile; fileRef = A0C255DA216F5FCB0056FCBC /* SearchMovieVCSpec.swift */; };
		A0C255DF216F5FCB0056FCBC /* PopularMovieListViewControllerSpec.swift in Sources */ = {isa = PBXBuildFile; fileRef = A0C255DB216F5FCB0056FCBC /* PopularMovieListViewControllerSpec.swift */; };
		A0C255E2216F69E80056FCBC /* UIStoryboard+Additions.swift in Sources */ = {isa = PBXBuildFile; fileRef = A0C255E1216F69E80056FCBC /* UIStoryboard+Additions.swift */; };
		A0C255E3216F73AF0056FCBC /* Stubber.swift in Sources */ = {isa = PBXBuildFile; fileRef = A0C255CF216F5C9E0056FCBC /* Stubber.swift */; };
		A0C255EB216F77B90056FCBC /* PopularMovieListViewModelSpec.swift in Sources */ = {isa = PBXBuildFile; fileRef = A0C255E9216F77B90056FCBC /* PopularMovieListViewModelSpec.swift */; };
		A0C255EC216F77B90056FCBC /* SearchMovieViewModelSpec.swift in Sources */ = {isa = PBXBuildFile; fileRef = A0C255EA216F77B90056FCBC /* SearchMovieViewModelSpec.swift */; };
		A0C255ED216F7DB70056FCBC /* PopularMovie.json in Resources */ = {isa = PBXBuildFile; fileRef = A0C255CB216F5C850056FCBC /* PopularMovie.json */; };
		A0C255EE216F7DBA0056FCBC /* SearchMovie.json in Resources */ = {isa = PBXBuildFile; fileRef = A0C255CA216F5C850056FCBC /* SearchMovie.json */; };
		A0D1EED9216A55F20049227A /* AppDelegate.swift in Sources */ = {isa = PBXBuildFile; fileRef = A0D1EED8216A55F20049227A /* AppDelegate.swift */; };
		A0D1EEDB216A55F20049227A /* PopularMovieVC.swift in Sources */ = {isa = PBXBuildFile; fileRef = A0D1EEDA216A55F20049227A /* PopularMovieVC.swift */; };
		A0D1EEDD216A55F20049227A /* SearchMovieVC.swift in Sources */ = {isa = PBXBuildFile; fileRef = A0D1EEDC216A55F20049227A /* SearchMovieVC.swift */; };
		A0D1EEE0216A55F20049227A /* Main.storyboard in Resources */ = {isa = PBXBuildFile; fileRef = A0D1EEDE216A55F20049227A /* Main.storyboard */; };
		A0D1EEE2216A55F40049227A /* Assets.xcassets in Resources */ = {isa = PBXBuildFile; fileRef = A0D1EEE1216A55F40049227A /* Assets.xcassets */; };
		A0D1EEE5216A55F40049227A /* LaunchScreen.storyboard in Resources */ = {isa = PBXBuildFile; fileRef = A0D1EEE3216A55F40049227A /* LaunchScreen.storyboard */; };
		A0D1EEF0216A55F40049227A /* VicTmdbTests.swift in Sources */ = {isa = PBXBuildFile; fileRef = A0D1EEEF216A55F40049227A /* VicTmdbTests.swift */; };
		A0D1EEFB216A55F50049227A /* VicTmdbUITests.swift in Sources */ = {isa = PBXBuildFile; fileRef = A0D1EEFA216A55F50049227A /* VicTmdbUITests.swift */; };
		A0D1EF0A216A58D90049227A /* Constant.swift in Sources */ = {isa = PBXBuildFile; fileRef = A0D1EF09216A58D90049227A /* Constant.swift */; };
		A0D1EF0D216A5A1B0049227A /* TmdbApi.swift in Sources */ = {isa = PBXBuildFile; fileRef = A0D1EF0C216A5A1B0049227A /* TmdbApi.swift */; };
		A0D1EF10216A5A810049227A /* Movie.swift in Sources */ = {isa = PBXBuildFile; fileRef = A0D1EF0F216A5A810049227A /* Movie.swift */; };
		A0D1EF12216A5AB10049227A /* ApiResonse.swift in Sources */ = {isa = PBXBuildFile; fileRef = A0D1EF11216A5AB10049227A /* ApiResonse.swift */; };
		A0D1EF15216A5C140049227A /* MovieService.swift in Sources */ = {isa = PBXBuildFile; fileRef = A0D1EF14216A5C140049227A /* MovieService.swift */; };
		A0D1EF18216A624A0049227A /* PopularMovieViewModel.swift in Sources */ = {isa = PBXBuildFile; fileRef = A0D1EF17216A624A0049227A /* PopularMovieViewModel.swift */; };
		A0D1EF1B216A68D80049227A /* MovieCell.swift in Sources */ = {isa = PBXBuildFile; fileRef = A0D1EF1A216A68D80049227A /* MovieCell.swift */; };
		A0D1EF23216A6CAE0049227A /* RxDataSources+Sectioned.swift in Sources */ = {isa = PBXBuildFile; fileRef = A0D1EF20216A6CAE0049227A /* RxDataSources+Sectioned.swift */; };
		A0D1EF25216A6CAE0049227A /* UIScrollView+Rx.swift in Sources */ = {isa = PBXBuildFile; fileRef = A0D1EF22216A6CAE0049227A /* UIScrollView+Rx.swift */; };
		A0D1EF27216A847E0049227A /* SearchMovieViewModel.swift in Sources */ = {isa = PBXBuildFile; fileRef = A0D1EF26216A847E0049227A /* SearchMovieViewModel.swift */; };
		A0D1EF2B216AF7B40049227A /* Userdefaults+History.swift in Sources */ = {isa = PBXBuildFile; fileRef = A0D1EF2A216AF7B40049227A /* Userdefaults+History.swift */; };
		A0D1EF2D216B75C40049227A /* KeyedCodingContainer.swift in Sources */ = {isa = PBXBuildFile; fileRef = A0D1EF2C216B75C40049227A /* KeyedCodingContainer.swift */; };
		A0E9776D2170861900859883 /* UIAlertController+Msg.swift in Sources */ = {isa = PBXBuildFile; fileRef = A0E9776C2170861900859883 /* UIAlertController+Msg.swift */; };
		A0E977712170E44300859883 /* RxSwift+flatMap.swift in Sources */ = {isa = PBXBuildFile; fileRef = A0E977702170E44300859883 /* RxSwift+flatMap.swift */; };
		F31C295D28DA3872B0DC21A6 /* Pods_VicTmdbUITests.framework in Frameworks */ = {isa = PBXBuildFile; fileRef = 8E3AB02364FE4A7776B37D10 /* Pods_VicTmdbUITests.framework */; };
/* End PBXBuildFile section */

/* Begin PBXContainerItemProxy section */
		A0D1EEEC216A55F40049227A /* PBXContainerItemProxy */ = {
			isa = PBXContainerItemProxy;
			containerPortal = A0D1EECD216A55F20049227A /* Project object */;
			proxyType = 1;
			remoteGlobalIDString = A0D1EED4216A55F20049227A;
			remoteInfo = VicTmdb;
		};
		A0D1EEF7216A55F50049227A /* PBXContainerItemProxy */ = {
			isa = PBXContainerItemProxy;
			containerPortal = A0D1EECD216A55F20049227A /* Project object */;
			proxyType = 1;
			remoteGlobalIDString = A0D1EED4216A55F20049227A;
			remoteInfo = VicTmdb;
		};
/* End PBXContainerItemProxy section */

/* Begin PBXFileReference section */
		02FB1EE02F8919B130F683FA /* Pods-VicTmdbUITests.release.xcconfig */ = {isa = PBXFileReference; includeInIndex = 1; lastKnownFileType = text.xcconfig; name = "Pods-VicTmdbUITests.release.xcconfig"; path = "Target Support Files/Pods-VicTmdbUITests/Pods-VicTmdbUITests.release.xcconfig"; sourceTree = "<group>"; };
		6749E9B1CCA3D031A9AB8632 /* Pods_VicTmdbTests.framework */ = {isa = PBXFileReference; explicitFileType = wrapper.framework; includeInIndex = 0; path = Pods_VicTmdbTests.framework; sourceTree = BUILT_PRODUCTS_DIR; };
		855191EE37B3120CD80A2833 /* Pods-VicTmdbUITests.debug.xcconfig */ = {isa = PBXFileReference; includeInIndex = 1; lastKnownFileType = text.xcconfig; name = "Pods-VicTmdbUITests.debug.xcconfig"; path = "Target Support Files/Pods-VicTmdbUITests/Pods-VicTmdbUITests.debug.xcconfig"; sourceTree = "<group>"; };
		8E3AB02364FE4A7776B37D10 /* Pods_VicTmdbUITests.framework */ = {isa = PBXFileReference; explicitFileType = wrapper.framework; includeInIndex = 0; path = Pods_VicTmdbUITests.framework; sourceTree = BUILT_PRODUCTS_DIR; };
		906E7124FD93105E2B2E4459 /* Pods_VicTmdb.framework */ = {isa = PBXFileReference; explicitFileType = wrapper.framework; includeInIndex = 0; path = Pods_VicTmdb.framework; sourceTree = BUILT_PRODUCTS_DIR; };
		9965342D02D6A4CF2EB526E8 /* Pods-VicTmdb.release.xcconfig */ = {isa = PBXFileReference; includeInIndex = 1; lastKnownFileType = text.xcconfig; name = "Pods-VicTmdb.release.xcconfig"; path = "Target Support Files/Pods-VicTmdb/Pods-VicTmdb.release.xcconfig"; sourceTree = "<group>"; };
		A03597F9216DD88F0057715A /* FlowLayout.swift */ = {isa = PBXFileReference; lastKnownFileType = sourcecode.swift; path = FlowLayout.swift; sourceTree = "<group>"; };
		A050C925216FC6C600A03007 /* ErrorHandler.swift */ = {isa = PBXFileReference; lastKnownFileType = sourcecode.swift; path = ErrorHandler.swift; sourceTree = "<group>"; };
		A050C927216FD59700A03007 /* RxSwift+Retry.swift */ = {isa = PBXFileReference; lastKnownFileType = sourcecode.swift; path = "RxSwift+Retry.swift"; sourceTree = "<group>"; };
		A050C929216FD5E400A03007 /* Reachability.swift */ = {isa = PBXFileReference; lastKnownFileType = sourcecode.swift; path = Reachability.swift; sourceTree = "<group>"; };
		A0C255C8216F5AF20056FCBC /* AppDelegateSpec.swift */ = {isa = PBXFileReference; lastKnownFileType = sourcecode.swift; path = AppDelegateSpec.swift; sourceTree = "<group>"; };
		A0C255CA216F5C850056FCBC /* SearchMovie.json */ = {isa = PBXFileReference; fileEncoding = 4; lastKnownFileType = text.json; path = SearchMovie.json; sourceTree = "<group>"; };
		A0C255CB216F5C850056FCBC /* PopularMovie.json */ = {isa = PBXFileReference; fileEncoding = 4; lastKnownFileType = text.json; path = PopularMovie.json; sourceTree = "<group>"; };
		A0C255CF216F5C9E0056FCBC /* Stubber.swift */ = {isa = PBXFileReference; fileEncoding = 4; lastKnownFileType = sourcecode.swift; path = Stubber.swift; sourceTree = "<group>"; };
		A0C255D2216F5CEC0056FCBC /* MovieSpec.swift */ = {isa = PBXFileReference; fileEncoding = 4; lastKnownFileType = sourcecode.swift; path = MovieSpec.swift; sourceTree = "<group>"; };
		A0C255DA216F5FCB0056FCBC /* SearchMovieVCSpec.swift */ = {isa = PBXFileReference; fileEncoding = 4; lastKnownFileType = sourcecode.swift; path = SearchMovieVCSpec.swift; sourceTree = "<group>"; };
		A0C255DB216F5FCB0056FCBC /* PopularMovieListViewControllerSpec.swift */ = {isa = PBXFileReference; fileEncoding = 4; lastKnownFileType = sourcecode.swift; path = PopularMovieListViewControllerSpec.swift; sourceTree = "<group>"; };
		A0C255E1216F69E80056FCBC /* UIStoryboard+Additions.swift */ = {isa = PBXFileReference; fileEncoding = 4; lastKnownFileType = sourcecode.swift; path = "UIStoryboard+Additions.swift"; sourceTree = "<group>"; };
		A0C255E9216F77B90056FCBC /* PopularMovieListViewModelSpec.swift */ = {isa = PBXFileReference; fileEncoding = 4; lastKnownFileType = sourcecode.swift; path = PopularMovieListViewModelSpec.swift; sourceTree = "<group>"; };
		A0C255EA216F77B90056FCBC /* SearchMovieViewModelSpec.swift */ = {isa = PBXFileReference; fileEncoding = 4; lastKnownFileType = sourcecode.swift; path = SearchMovieViewModelSpec.swift; sourceTree = "<group>"; };
		A0D1EED5216A55F20049227A /* VicTmdb.app */ = {isa = PBXFileReference; explicitFileType = wrapper.application; includeInIndex = 0; path = VicTmdb.app; sourceTree = BUILT_PRODUCTS_DIR; };
		A0D1EED8216A55F20049227A /* AppDelegate.swift */ = {isa = PBXFileReference; lastKnownFileType = sourcecode.swift; path = AppDelegate.swift; sourceTree = "<group>"; };
		A0D1EEDA216A55F20049227A /* PopularMovieVC.swift */ = {isa = PBXFileReference; lastKnownFileType = sourcecode.swift; path = PopularMovieVC.swift; sourceTree = "<group>"; };
		A0D1EEDC216A55F20049227A /* SearchMovieVC.swift */ = {isa = PBXFileReference; lastKnownFileType = sourcecode.swift; name = SearchMovieVC.swift; path = ../SearchMovieVC.swift; sourceTree = "<group>"; };
		A0D1EEDF216A55F20049227A /* Base */ = {isa = PBXFileReference; lastKnownFileType = file.storyboard; name = Base; path = Base.lproj/Main.storyboard; sourceTree = "<group>"; };
		A0D1EEE1216A55F40049227A /* Assets.xcassets */ = {isa = PBXFileReference; lastKnownFileType = folder.assetcatalog; path = Assets.xcassets; sourceTree = "<group>"; };
		A0D1EEE4216A55F40049227A /* Base */ = {isa = PBXFileReference; lastKnownFileType = file.storyboard; name = Base; path = Base.lproj/LaunchScreen.storyboard; sourceTree = "<group>"; };
		A0D1EEE6216A55F40049227A /* Info.plist */ = {isa = PBXFileReference; lastKnownFileType = text.plist.xml; path = Info.plist; sourceTree = "<group>"; };
		A0D1EEEB216A55F40049227A /* VicTmdbTests.xctest */ = {isa = PBXFileReference; explicitFileType = wrapper.cfbundle; includeInIndex = 0; path = VicTmdbTests.xctest; sourceTree = BUILT_PRODUCTS_DIR; };
		A0D1EEEF216A55F40049227A /* VicTmdbTests.swift */ = {isa = PBXFileReference; lastKnownFileType = sourcecode.swift; path = VicTmdbTests.swift; sourceTree = "<group>"; };
		A0D1EEF1216A55F40049227A /* Info.plist */ = {isa = PBXFileReference; lastKnownFileType = text.plist.xml; path = Info.plist; sourceTree = "<group>"; };
		A0D1EEF6216A55F50049227A /* VicTmdbUITests.xctest */ = {isa = PBXFileReference; explicitFileType = wrapper.cfbundle; includeInIndex = 0; path = VicTmdbUITests.xctest; sourceTree = BUILT_PRODUCTS_DIR; };
		A0D1EEFA216A55F50049227A /* VicTmdbUITests.swift */ = {isa = PBXFileReference; lastKnownFileType = sourcecode.swift; path = VicTmdbUITests.swift; sourceTree = "<group>"; };
		A0D1EEFC216A55F50049227A /* Info.plist */ = {isa = PBXFileReference; lastKnownFileType = text.plist.xml; path = Info.plist; sourceTree = "<group>"; };
		A0D1EF09216A58D90049227A /* Constant.swift */ = {isa = PBXFileReference; lastKnownFileType = sourcecode.swift; path = Constant.swift; sourceTree = "<group>"; };
		A0D1EF0C216A5A1B0049227A /* TmdbApi.swift */ = {isa = PBXFileReference; lastKnownFileType = sourcecode.swift; path = TmdbApi.swift; sourceTree = "<group>"; };
		A0D1EF0F216A5A810049227A /* Movie.swift */ = {isa = PBXFileReference; lastKnownFileType = sourcecode.swift; path = Movie.swift; sourceTree = "<group>"; };
		A0D1EF11216A5AB10049227A /* ApiResonse.swift */ = {isa = PBXFileReference; lastKnownFileType = sourcecode.swift; path = ApiResonse.swift; sourceTree = "<group>"; };
		A0D1EF14216A5C140049227A /* MovieService.swift */ = {isa = PBXFileReference; lastKnownFileType = sourcecode.swift; path = MovieService.swift; sourceTree = "<group>"; };
		A0D1EF17216A624A0049227A /* PopularMovieViewModel.swift */ = {isa = PBXFileReference; lastKnownFileType = sourcecode.swift; path = PopularMovieViewModel.swift; sourceTree = "<group>"; };
		A0D1EF1A216A68D80049227A /* MovieCell.swift */ = {isa = PBXFileReference; lastKnownFileType = sourcecode.swift; path = MovieCell.swift; sourceTree = "<group>"; };
		A0D1EF20216A6CAE0049227A /* RxDataSources+Sectioned.swift */ = {isa = PBXFileReference; fileEncoding = 4; lastKnownFileType = sourcecode.swift; path = "RxDataSources+Sectioned.swift"; sourceTree = "<group>"; };
		A0D1EF22216A6CAE0049227A /* UIScrollView+Rx.swift */ = {isa = PBXFileReference; fileEncoding = 4; lastKnownFileType = sourcecode.swift; path = "UIScrollView+Rx.swift"; sourceTree = "<group>"; };
		A0D1EF26216A847E0049227A /* SearchMovieViewModel.swift */ = {isa = PBXFileReference; lastKnownFileType = sourcecode.swift; path = SearchMovieViewModel.swift; sourceTree = "<group>"; };
		A0D1EF2A216AF7B40049227A /* Userdefaults+History.swift */ = {isa = PBXFileReference; lastKnownFileType = sourcecode.swift; path = "Userdefaults+History.swift"; sourceTree = "<group>"; };
		A0D1EF2C216B75C40049227A /* KeyedCodingContainer.swift */ = {isa = PBXFileReference; lastKnownFileType = sourcecode.swift; path = KeyedCodingContainer.swift; sourceTree = "<group>"; };
		A0E9776C2170861900859883 /* UIAlertController+Msg.swift */ = {isa = PBXFileReference; lastKnownFileType = sourcecode.swift; path = "UIAlertController+Msg.swift"; sourceTree = "<group>"; };
		A0E9776E21708CF600859883 /* README.md */ = {isa = PBXFileReference; lastKnownFileType = net.daringfireball.markdown; path = README.md; sourceTree = "<group>"; };
		A0E977702170E44300859883 /* RxSwift+flatMap.swift */ = {isa = PBXFileReference; lastKnownFileType = sourcecode.swift; path = "RxSwift+flatMap.swift"; sourceTree = "<group>"; };
		B279BA65FCAF5A8D184FAA4E /* Pods-VicTmdbTests.release.xcconfig */ = {isa = PBXFileReference; includeInIndex = 1; lastKnownFileType = text.xcconfig; name = "Pods-VicTmdbTests.release.xcconfig"; path = "Target Support Files/Pods-VicTmdbTests/Pods-VicTmdbTests.release.xcconfig"; sourceTree = "<group>"; };
		CB80E91771332F22FEC24D32 /* Pods-VicTmdbTests.debug.xcconfig */ = {isa = PBXFileReference; includeInIndex = 1; lastKnownFileType = text.xcconfig; name = "Pods-VicTmdbTests.debug.xcconfig"; path = "Target Support Files/Pods-VicTmdbTests/Pods-VicTmdbTests.debug.xcconfig"; sourceTree = "<group>"; };
		CE4BAC9FDDF191C67CCDC4F6 /* Pods-VicTmdb.debug.xcconfig */ = {isa = PBXFileReference; includeInIndex = 1; lastKnownFileType = text.xcconfig; name = "Pods-VicTmdb.debug.xcconfig"; path = "Target Support Files/Pods-VicTmdb/Pods-VicTmdb.debug.xcconfig"; sourceTree = "<group>"; };
/* End PBXFileReference section */

/* Begin PBXFrameworksBuildPhase section */
		A0D1EED2216A55F20049227A /* Frameworks */ = {
			isa = PBXFrameworksBuildPhase;
			buildActionMask = 2147483647;
			files = (
				84F19AB938F00CFDFB8D08BC /* Pods_VicTmdb.framework in Frameworks */,
			);
			runOnlyForDeploymentPostprocessing = 0;
		};
		A0D1EEE8216A55F40049227A /* Frameworks */ = {
			isa = PBXFrameworksBuildPhase;
			buildActionMask = 2147483647;
			files = (
				424E7CC95BD0A42F2B183656 /* Pods_VicTmdbTests.framework in Frameworks */,
			);
			runOnlyForDeploymentPostprocessing = 0;
		};
		A0D1EEF3216A55F50049227A /* Frameworks */ = {
			isa = PBXFrameworksBuildPhase;
			buildActionMask = 2147483647;
			files = (
				F31C295D28DA3872B0DC21A6 /* Pods_VicTmdbUITests.framework in Frameworks */,
			);
			runOnlyForDeploymentPostprocessing = 0;
		};
/* End PBXFrameworksBuildPhase section */

/* Begin PBXGroup section */
		17C2397CCC485D790C2125A6 /* Pods */ = {
			isa = PBXGroup;
			children = (
				CE4BAC9FDDF191C67CCDC4F6 /* Pods-VicTmdb.debug.xcconfig */,
				9965342D02D6A4CF2EB526E8 /* Pods-VicTmdb.release.xcconfig */,
				CB80E91771332F22FEC24D32 /* Pods-VicTmdbTests.debug.xcconfig */,
				B279BA65FCAF5A8D184FAA4E /* Pods-VicTmdbTests.release.xcconfig */,
				855191EE37B3120CD80A2833 /* Pods-VicTmdbUITests.debug.xcconfig */,
				02FB1EE02F8919B130F683FA /* Pods-VicTmdbUITests.release.xcconfig */,
			);
			name = Pods;
			path = Pods;
			sourceTree = "<group>";
		};
		A0C255CE216F5C9E0056FCBC /* Helper */ = {
			isa = PBXGroup;
			children = (
				A0C255CF216F5C9E0056FCBC /* Stubber.swift */,
			);
			path = Helper;
			sourceTree = "<group>";
		};
		A0C255D1216F5CEC0056FCBC /* Model */ = {
			isa = PBXGroup;
			children = (
				A0C255D2216F5CEC0056FCBC /* MovieSpec.swift */,
			);
			path = Model;
			sourceTree = "<group>";
		};
		A0C255D8216F5FCB0056FCBC /* ViewController */ = {
			isa = PBXGroup;
			children = (
				A0C255DA216F5FCB0056FCBC /* SearchMovieVCSpec.swift */,
				A0C255DB216F5FCB0056FCBC /* PopularMovieListViewControllerSpec.swift */,
			);
			path = ViewController;
			sourceTree = "<group>";
		};
		A0C255E4216F778B0056FCBC /* ViewModel */ = {
			isa = PBXGroup;
			children = (
				A0C255EA216F77B90056FCBC /* SearchMovieViewModelSpec.swift */,
				A0C255E9216F77B90056FCBC /* PopularMovieListViewModelSpec.swift */,
			);
			path = ViewModel;
			sourceTree = "<group>";
		};
		A0D1EECC216A55F20049227A = {
			isa = PBXGroup;
			children = (
				A0E9776E21708CF600859883 /* README.md */,
				A0D1EED7216A55F20049227A /* VicTmdb */,
				A0D1EEEE216A55F40049227A /* VicTmdbTests */,
				A0D1EEF9216A55F50049227A /* VicTmdbUITests */,
				A0D1EED6216A55F20049227A /* Products */,
				17C2397CCC485D790C2125A6 /* Pods */,
				E2D07D4EB3B78C33A690D300 /* Frameworks */,
			);
			sourceTree = "<group>";
		};
		A0D1EED6216A55F20049227A /* Products */ = {
			isa = PBXGroup;
			children = (
				A0D1EED5216A55F20049227A /* VicTmdb.app */,
				A0D1EEEB216A55F40049227A /* VicTmdbTests.xctest */,
				A0D1EEF6216A55F50049227A /* VicTmdbUITests.xctest */,
			);
			name = Products;
			sourceTree = "<group>";
		};
		A0D1EED7216A55F20049227A /* VicTmdb */ = {
			isa = PBXGroup;
			children = (
				A0D1EF08216A58AF0049227A /* Helper */,
				A0D1EF1F216A6C9B0049227A /* Extension */,
				A0D1EF0E216A5A710049227A /* Model */,
				A0D1EF0B216A5A020049227A /* Network */,
				A0D1EF13216A5C000049227A /* Service */,
				A0D1EF16216A61F80049227A /* ViewModel */,
				A0D1EF19216A68A00049227A /* View */,
				A0D1EF1C216A6A720049227A /* ViewController */,
				A0D1EED8216A55F20049227A /* AppDelegate.swift */,
				A0D1EEDE216A55F20049227A /* Main.storyboard */,
				A0D1EEE1216A55F40049227A /* Assets.xcassets */,
				A0D1EEE3216A55F40049227A /* LaunchScreen.storyboard */,
				A0D1EEE6216A55F40049227A /* Info.plist */,
			);
			path = VicTmdb;
			sourceTree = "<group>";
		};
		A0D1EEEE216A55F40049227A /* VicTmdbTests */ = {
			isa = PBXGroup;
			children = (
				A0C255CB216F5C850056FCBC /* PopularMovie.json */,
				A0C255CA216F5C850056FCBC /* SearchMovie.json */,
				A0C255D1216F5CEC0056FCBC /* Model */,
				A0C255E4216F778B0056FCBC /* ViewModel */,
				A0C255D8216F5FCB0056FCBC /* ViewController */,
				A0C255CE216F5C9E0056FCBC /* Helper */,
				A0D1EEEF216A55F40049227A /* VicTmdbTests.swift */,
				A0D1EEF1216A55F40049227A /* Info.plist */,
				A0C255C8216F5AF20056FCBC /* AppDelegateSpec.swift */,
			);
			path = VicTmdbTests;
			sourceTree = "<group>";
		};
		A0D1EEF9216A55F50049227A /* VicTmdbUITests */ = {
			isa = PBXGroup;
			children = (
				A0D1EEFA216A55F50049227A /* VicTmdbUITests.swift */,
				A0D1EEFC216A55F50049227A /* Info.plist */,
			);
			path = VicTmdbUITests;
			sourceTree = "<group>";
		};
		A0D1EF08216A58AF0049227A /* Helper */ = {
			isa = PBXGroup;
			children = (
				A0D1EF09216A58D90049227A /* Constant.swift */,
				A050C925216FC6C600A03007 /* ErrorHandler.swift */,
			);
			path = Helper;
			sourceTree = "<group>";
		};
		A0D1EF0B216A5A020049227A /* Network */ = {
			isa = PBXGroup;
			children = (
				A0D1EF0C216A5A1B0049227A /* TmdbApi.swift */,
			);
			path = Network;
			sourceTree = "<group>";
		};
		A0D1EF0E216A5A710049227A /* Model */ = {
			isa = PBXGroup;
			children = (
				A0D1EF0F216A5A810049227A /* Movie.swift */,
				A0D1EF11216A5AB10049227A /* ApiResonse.swift */,
			);
			path = Model;
			sourceTree = "<group>";
		};
		A0D1EF13216A5C000049227A /* Service */ = {
			isa = PBXGroup;
			children = (
				A0D1EF14216A5C140049227A /* MovieService.swift */,
			);
			path = Service;
			sourceTree = "<group>";
		};
		A0D1EF16216A61F80049227A /* ViewModel */ = {
			isa = PBXGroup;
			children = (
				A0D1EF17216A624A0049227A /* PopularMovieViewModel.swift */,
				A0D1EF26216A847E0049227A /* SearchMovieViewModel.swift */,
			);
			path = ViewModel;
			sourceTree = "<group>";
		};
		A0D1EF19216A68A00049227A /* View */ = {
			isa = PBXGroup;
			children = (
				A0D1EF1A216A68D80049227A /* MovieCell.swift */,
				A03597F9216DD88F0057715A /* FlowLayout.swift */,
			);
			path = View;
			sourceTree = "<group>";
		};
		A0D1EF1C216A6A720049227A /* ViewController */ = {
			isa = PBXGroup;
			children = (
				A0D1EEDA216A55F20049227A /* PopularMovieVC.swift */,
				A0D1EEDC216A55F20049227A /* SearchMovieVC.swift */,
			);
			path = ViewController;
			sourceTree = "<group>";
		};
		A0D1EF1F216A6C9B0049227A /* Extension */ = {
			isa = PBXGroup;
			children = (
				A0C255E1216F69E80056FCBC /* UIStoryboard+Additions.swift */,
				A0D1EF20216A6CAE0049227A /* RxDataSources+Sectioned.swift */,
				A0D1EF22216A6CAE0049227A /* UIScrollView+Rx.swift */,
				A0D1EF2A216AF7B40049227A /* Userdefaults+History.swift */,
				A0D1EF2C216B75C40049227A /* KeyedCodingContainer.swift */,
				A050C927216FD59700A03007 /* RxSwift+Retry.swift */,
				A050C929216FD5E400A03007 /* Reachability.swift */,
				A0E9776C2170861900859883 /* UIAlertController+Msg.swift */,
				A0E977702170E44300859883 /* RxSwift+flatMap.swift */,
			);
			path = Extension;
			sourceTree = "<group>";
		};
		E2D07D4EB3B78C33A690D300 /* Frameworks */ = {
			isa = PBXGroup;
			children = (
				906E7124FD93105E2B2E4459 /* Pods_VicTmdb.framework */,
				6749E9B1CCA3D031A9AB8632 /* Pods_VicTmdbTests.framework */,
				8E3AB02364FE4A7776B37D10 /* Pods_VicTmdbUITests.framework */,
			);
			name = Frameworks;
			sourceTree = "<group>";
		};
/* End PBXGroup section */

/* Begin PBXNativeTarget section */
		A0D1EED4216A55F20049227A /* VicTmdb */ = {
			isa = PBXNativeTarget;
			buildConfigurationList = A0D1EEFF216A55F50049227A /* Build configuration list for PBXNativeTarget "VicTmdb" */;
			buildPhases = (
				6E22E4BC7DE09A0CF3145FFD /* [CP] Check Pods Manifest.lock */,
				A0D1EED1216A55F20049227A /* Sources */,
				A0D1EED2216A55F20049227A /* Frameworks */,
				A0D1EED3216A55F20049227A /* Resources */,
				753ADBCDCDA07A8EAC64AE5E /* [CP] Embed Pods Frameworks */,
			);
			buildRules = (
			);
			dependencies = (
			);
			name = VicTmdb;
			productName = VicTmdb;
			productReference = A0D1EED5216A55F20049227A /* VicTmdb.app */;
			productType = "com.apple.product-type.application";
		};
		A0D1EEEA216A55F40049227A /* VicTmdbTests */ = {
			isa = PBXNativeTarget;
			buildConfigurationList = A0D1EF02216A55F50049227A /* Build configuration list for PBXNativeTarget "VicTmdbTests" */;
			buildPhases = (
				21099C2B8B7688C7C573CC54 /* [CP] Check Pods Manifest.lock */,
				A0D1EEE7216A55F40049227A /* Sources */,
				A0D1EEE8216A55F40049227A /* Frameworks */,
				A0D1EEE9216A55F40049227A /* Resources */,
				20EF860DB9CFB2EBB0E78581 /* [CP] Embed Pods Frameworks */,
			);
			buildRules = (
			);
			dependencies = (
				A0D1EEED216A55F40049227A /* PBXTargetDependency */,
			);
			name = VicTmdbTests;
			productName = VicTmdbTests;
			productReference = A0D1EEEB216A55F40049227A /* VicTmdbTests.xctest */;
			productType = "com.apple.product-type.bundle.unit-test";
		};
		A0D1EEF5216A55F50049227A /* VicTmdbUITests */ = {
			isa = PBXNativeTarget;
			buildConfigurationList = A0D1EF05216A55F50049227A /* Build configuration list for PBXNativeTarget "VicTmdbUITests" */;
			buildPhases = (
				FB07DAFC70DD08A48BBCE98F /* [CP] Check Pods Manifest.lock */,
				A0D1EEF2216A55F50049227A /* Sources */,
				A0D1EEF3216A55F50049227A /* Frameworks */,
				A0D1EEF4216A55F50049227A /* Resources */,
			);
			buildRules = (
			);
			dependencies = (
				A0D1EEF8216A55F50049227A /* PBXTargetDependency */,
			);
			name = VicTmdbUITests;
			productName = VicTmdbUITests;
			productReference = A0D1EEF6216A55F50049227A /* VicTmdbUITests.xctest */;
			productType = "com.apple.product-type.bundle.ui-testing";
		};
/* End PBXNativeTarget section */

/* Begin PBXProject section */
		A0D1EECD216A55F20049227A /* Project object */ = {
			isa = PBXProject;
			attributes = {
				LastSwiftUpdateCheck = 1000;
				LastUpgradeCheck = 1000;
				ORGANIZATIONNAME = victory1908;
				TargetAttributes = {
					A0D1EED4216A55F20049227A = {
						CreatedOnToolsVersion = 10.0;
					};
					A0D1EEEA216A55F40049227A = {
						CreatedOnToolsVersion = 10.0;
						TestTargetID = A0D1EED4216A55F20049227A;
					};
					A0D1EEF5216A55F50049227A = {
						CreatedOnToolsVersion = 10.0;
						TestTargetID = A0D1EED4216A55F20049227A;
					};
				};
			};
			buildConfigurationList = A0D1EED0216A55F20049227A /* Build configuration list for PBXProject "VicTmdb" */;
			compatibilityVersion = "Xcode 10.0";
			developmentRegion = en;
			hasScannedForEncodings = 0;
			knownRegions = (
				en,
				Base,
			);
			mainGroup = A0D1EECC216A55F20049227A;
			productRefGroup = A0D1EED6216A55F20049227A /* Products */;
			projectDirPath = "";
			projectRoot = "";
			targets = (
				A0D1EED4216A55F20049227A /* VicTmdb */,
				A0D1EEEA216A55F40049227A /* VicTmdbTests */,
				A0D1EEF5216A55F50049227A /* VicTmdbUITests */,
			);
		};
/* End PBXProject section */

/* Begin PBXResourcesBuildPhase section */
		A0D1EED3216A55F20049227A /* Resources */ = {
			isa = PBXResourcesBuildPhase;
			buildActionMask = 2147483647;
			files = (
				A0C255ED216F7DB70056FCBC /* PopularMovie.json in Resources */,
				A0D1EEE5216A55F40049227A /* LaunchScreen.storyboard in Resources */,
				A0D1EEE2216A55F40049227A /* Assets.xcassets in Resources */,
				A0D1EEE0216A55F20049227A /* Main.storyboard in Resources */,
				A0C255EE216F7DBA0056FCBC /* SearchMovie.json in Resources */,
			);
			runOnlyForDeploymentPostprocessing = 0;
		};
		A0D1EEE9216A55F40049227A /* Resources */ = {
			isa = PBXResourcesBuildPhase;
			buildActionMask = 2147483647;
			files = (
				A0C255D7216F5F610056FCBC /* PopularMovie.json in Resources */,
				A0C255D6216F5F5C0056FCBC /* SearchMovie.json in Resources */,
			);
			runOnlyForDeploymentPostprocessing = 0;
		};
		A0D1EEF4216A55F50049227A /* Resources */ = {
			isa = PBXResourcesBuildPhase;
			buildActionMask = 2147483647;
			files = (
			);
			runOnlyForDeploymentPostprocessing = 0;
		};
/* End PBXResourcesBuildPhase section */

/* Begin PBXShellScriptBuildPhase section */
		20EF860DB9CFB2EBB0E78581 /* [CP] Embed Pods Frameworks */ = {
			isa = PBXShellScriptBuildPhase;
			buildActionMask = 2147483647;
			files = (
			);
			inputFileListPaths = (
				"${PODS_ROOT}/Target Support Files/Pods-VicTmdbTests/Pods-VicTmdbTests-frameworks-${CONFIGURATION}-input-files.xcfilelist",
			);
			name = "[CP] Embed Pods Frameworks";
			outputFileListPaths = (
				"${PODS_ROOT}/Target Support Files/Pods-VicTmdbTests/Pods-VicTmdbTests-frameworks-${CONFIGURATION}-output-files.xcfilelist",
			);
			runOnlyForDeploymentPostprocessing = 0;
			shellPath = /bin/sh;
			shellScript = "\"${PODS_ROOT}/Target Support Files/Pods-VicTmdbTests/Pods-VicTmdbTests-frameworks.sh\"\n";
			showEnvVarsInLog = 0;
		};
		21099C2B8B7688C7C573CC54 /* [CP] Check Pods Manifest.lock */ = {
			isa = PBXShellScriptBuildPhase;
			buildActionMask = 2147483647;
			files = (
			);
			inputFileListPaths = (
			);
			inputPaths = (
				"${PODS_PODFILE_DIR_PATH}/Podfile.lock",
				"${PODS_ROOT}/Manifest.lock",
			);
			name = "[CP] Check Pods Manifest.lock";
			outputFileListPaths = (
			);
			outputPaths = (
				"$(DERIVED_FILE_DIR)/Pods-VicTmdbTests-checkManifestLockResult.txt",
			);
			runOnlyForDeploymentPostprocessing = 0;
			shellPath = /bin/sh;
			shellScript = "diff \"${PODS_PODFILE_DIR_PATH}/Podfile.lock\" \"${PODS_ROOT}/Manifest.lock\" > /dev/null\nif [ $? != 0 ] ; then\n    # print error to STDERR\n    echo \"error: The sandbox is not in sync with the Podfile.lock. Run 'pod install' or update your CocoaPods installation.\" >&2\n    exit 1\nfi\n# This output is used by Xcode 'outputs' to avoid re-running this script phase.\necho \"SUCCESS\" > \"${SCRIPT_OUTPUT_FILE_0}\"\n";
			showEnvVarsInLog = 0;
		};
		6E22E4BC7DE09A0CF3145FFD /* [CP] Check Pods Manifest.lock */ = {
			isa = PBXShellScriptBuildPhase;
			buildActionMask = 2147483647;
			files = (
			);
			inputFileListPaths = (
			);
			inputPaths = (
				"${PODS_PODFILE_DIR_PATH}/Podfile.lock",
				"${PODS_ROOT}/Manifest.lock",
			);
			name = "[CP] Check Pods Manifest.lock";
			outputFileListPaths = (
			);
			outputPaths = (
				"$(DERIVED_FILE_DIR)/Pods-VicTmdb-checkManifestLockResult.txt",
			);
			runOnlyForDeploymentPostprocessing = 0;
			shellPath = /bin/sh;
			shellScript = "diff \"${PODS_PODFILE_DIR_PATH}/Podfile.lock\" \"${PODS_ROOT}/Manifest.lock\" > /dev/null\nif [ $? != 0 ] ; then\n    # print error to STDERR\n    echo \"error: The sandbox is not in sync with the Podfile.lock. Run 'pod install' or update your CocoaPods installation.\" >&2\n    exit 1\nfi\n# This output is used by Xcode 'outputs' to avoid re-running this script phase.\necho \"SUCCESS\" > \"${SCRIPT_OUTPUT_FILE_0}\"\n";
			showEnvVarsInLog = 0;
		};
		753ADBCDCDA07A8EAC64AE5E /* [CP] Embed Pods Frameworks */ = {
			isa = PBXShellScriptBuildPhase;
			buildActionMask = 2147483647;
			files = (
			);
			inputFileListPaths = (
				"${PODS_ROOT}/Target Support Files/Pods-VicTmdb/Pods-VicTmdb-frameworks-${CONFIGURATION}-input-files.xcfilelist",
			);
			name = "[CP] Embed Pods Frameworks";
			outputFileListPaths = (
				"${PODS_ROOT}/Target Support Files/Pods-VicTmdb/Pods-VicTmdb-frameworks-${CONFIGURATION}-output-files.xcfilelist",
			);
			runOnlyForDeploymentPostprocessing = 0;
			shellPath = /bin/sh;
			shellScript = "\"${PODS_ROOT}/Target Support Files/Pods-VicTmdb/Pods-VicTmdb-frameworks.sh\"\n";
			showEnvVarsInLog = 0;
		};
		FB07DAFC70DD08A48BBCE98F /* [CP] Check Pods Manifest.lock */ = {
			isa = PBXShellScriptBuildPhase;
			buildActionMask = 2147483647;
			files = (
			);
			inputFileListPaths = (
			);
			inputPaths = (
				"${PODS_PODFILE_DIR_PATH}/Podfile.lock",
				"${PODS_ROOT}/Manifest.lock",
			);
			name = "[CP] Check Pods Manifest.lock";
			outputFileListPaths = (
			);
			outputPaths = (
				"$(DERIVED_FILE_DIR)/Pods-VicTmdbUITests-checkManifestLockResult.txt",
			);
			runOnlyForDeploymentPostprocessing = 0;
			shellPath = /bin/sh;
			shellScript = "diff \"${PODS_PODFILE_DIR_PATH}/Podfile.lock\" \"${PODS_ROOT}/Manifest.lock\" > /dev/null\nif [ $? != 0 ] ; then\n    # print error to STDERR\n    echo \"error: The sandbox is not in sync with the Podfile.lock. Run 'pod install' or update your CocoaPods installation.\" >&2\n    exit 1\nfi\n# This output is used by Xcode 'outputs' to avoid re-running this script phase.\necho \"SUCCESS\" > \"${SCRIPT_OUTPUT_FILE_0}\"\n";
			showEnvVarsInLog = 0;
		};
/* End PBXShellScriptBuildPhase section */

/* Begin PBXSourcesBuildPhase section */
		A0D1EED1216A55F20049227A /* Sources */ = {
			isa = PBXSourcesBuildPhase;
			buildActionMask = 2147483647;
			files = (
				A0D1EF18216A624A0049227A /* PopularMovieViewModel.swift in Sources */,
				A0D1EF25216A6CAE0049227A /* UIScrollView+Rx.swift in Sources */,
				A0D1EF23216A6CAE0049227A /* RxDataSources+Sectioned.swift in Sources */,
				A0D1EF15216A5C140049227A /* MovieService.swift in Sources */,
				A0E9776D2170861900859883 /* UIAlertController+Msg.swift in Sources */,
				A0D1EF10216A5A810049227A /* Movie.swift in Sources */,
				A0D1EEDD216A55F20049227A /* SearchMovieVC.swift in Sources */,
				A0D1EF0D216A5A1B0049227A /* TmdbApi.swift in Sources */,
				A0D1EED9216A55F20049227A /* AppDelegate.swift in Sources */,
				A0D1EF2B216AF7B40049227A /* Userdefaults+History.swift in Sources */,
				A0D1EF27216A847E0049227A /* SearchMovieViewModel.swift in Sources */,
				A0D1EF1B216A68D80049227A /* MovieCell.swift in Sources */,
				A0C255E2216F69E80056FCBC /* UIStoryboard+Additions.swift in Sources */,
				A050C928216FD59700A03007 /* RxSwift+Retry.swift in Sources */,
				A0E977712170E44300859883 /* RxSwift+flatMap.swift in Sources */,
				A050C92A216FD5E400A03007 /* Reachability.swift in Sources */,
				A03597FA216DD88F0057715A /* FlowLayout.swift in Sources */,
				A050C926216FC6C600A03007 /* ErrorHandler.swift in Sources */,
				A0C255E3216F73AF0056FCBC /* Stubber.swift in Sources */,
				A0D1EF12216A5AB10049227A /* ApiResonse.swift in Sources */,
				A0D1EEDB216A55F20049227A /* PopularMovieVC.swift in Sources */,
				A0D1EF2D216B75C40049227A /* KeyedCodingContainer.swift in Sources */,
				A0D1EF0A216A58D90049227A /* Constant.swift in Sources */,
			);
			runOnlyForDeploymentPostprocessing = 0;
		};
		A0D1EEE7216A55F40049227A /* Sources */ = {
			isa = PBXSourcesBuildPhase;
			buildActionMask = 2147483647;
			files = (
				A0C255DF216F5FCB0056FCBC /* PopularMovieListViewControllerSpec.swift in Sources */,
				A0D1EEF0216A55F40049227A /* VicTmdbTests.swift in Sources */,
				A0C255EC216F77B90056FCBC /* SearchMovieViewModelSpec.swift in Sources */,
				A0C255EB216F77B90056FCBC /* PopularMovieListViewModelSpec.swift in Sources */,
				A0C255D4216F5F450056FCBC /* MovieSpec.swift in Sources */,
				A0C255C9216F5AF20056FCBC /* AppDelegateSpec.swift in Sources */,
				A0C255DE216F5FCB0056FCBC /* SearchMovieVCSpec.swift in Sources */,
				A0C255D5216F5F510056FCBC /* Stubber.swift in Sources */,
			);
			runOnlyForDeploymentPostprocessing = 0;
		};
		A0D1EEF2216A55F50049227A /* Sources */ = {
			isa = PBXSourcesBuildPhase;
			buildActionMask = 2147483647;
			files = (
				A0D1EEFB216A55F50049227A /* VicTmdbUITests.swift in Sources */,
			);
			runOnlyForDeploymentPostprocessing = 0;
		};
/* End PBXSourcesBuildPhase section */

/* Begin PBXTargetDependency section */
		A0D1EEED216A55F40049227A /* PBXTargetDependency */ = {
			isa = PBXTargetDependency;
			target = A0D1EED4216A55F20049227A /* VicTmdb */;
			targetProxy = A0D1EEEC216A55F40049227A /* PBXContainerItemProxy */;
		};
		A0D1EEF8216A55F50049227A /* PBXTargetDependency */ = {
			isa = PBXTargetDependency;
			target = A0D1EED4216A55F20049227A /* VicTmdb */;
			targetProxy = A0D1EEF7216A55F50049227A /* PBXContainerItemProxy */;
		};
/* End PBXTargetDependency section */

/* Begin PBXVariantGroup section */
		A0D1EEDE216A55F20049227A /* Main.storyboard */ = {
			isa = PBXVariantGroup;
			children = (
				A0D1EEDF216A55F20049227A /* Base */,
			);
			name = Main.storyboard;
			sourceTree = "<group>";
		};
		A0D1EEE3216A55F40049227A /* LaunchScreen.storyboard */ = {
			isa = PBXVariantGroup;
			children = (
				A0D1EEE4216A55F40049227A /* Base */,
			);
			name = LaunchScreen.storyboard;
			sourceTree = "<group>";
		};
/* End PBXVariantGroup section */

/* Begin XCBuildConfiguration section */
		A0D1EEFD216A55F50049227A /* Debug */ = {
			isa = XCBuildConfiguration;
			buildSettings = {
				ALWAYS_EMBED_SWIFT_STANDARD_LIBRARIES = YES;
				ALWAYS_SEARCH_USER_PATHS = NO;
				CLANG_ANALYZER_NONNULL = YES;
				CLANG_ANALYZER_NUMBER_OBJECT_CONVERSION = YES_AGGRESSIVE;
				CLANG_CXX_LANGUAGE_STANDARD = "gnu++14";
				CLANG_CXX_LIBRARY = "libc++";
				CLANG_ENABLE_MODULES = YES;
				CLANG_ENABLE_OBJC_ARC = YES;
				CLANG_ENABLE_OBJC_WEAK = YES;
				CLANG_WARN_BLOCK_CAPTURE_AUTORELEASING = YES;
				CLANG_WARN_BOOL_CONVERSION = YES;
				CLANG_WARN_COMMA = YES;
				CLANG_WARN_CONSTANT_CONVERSION = YES;
				CLANG_WARN_DEPRECATED_OBJC_IMPLEMENTATIONS = YES;
				CLANG_WARN_DIRECT_OBJC_ISA_USAGE = YES_ERROR;
				CLANG_WARN_DOCUMENTATION_COMMENTS = YES;
				CLANG_WARN_EMPTY_BODY = YES;
				CLANG_WARN_ENUM_CONVERSION = YES;
				CLANG_WARN_INFINITE_RECURSION = YES;
				CLANG_WARN_INT_CONVERSION = YES;
				CLANG_WARN_NON_LITERAL_NULL_CONVERSION = YES;
				CLANG_WARN_OBJC_IMPLICIT_RETAIN_SELF = YES;
				CLANG_WARN_OBJC_LITERAL_CONVERSION = YES;
				CLANG_WARN_OBJC_ROOT_CLASS = YES_ERROR;
				CLANG_WARN_RANGE_LOOP_ANALYSIS = YES;
				CLANG_WARN_STRICT_PROTOTYPES = YES;
				CLANG_WARN_SUSPICIOUS_MOVE = YES;
				CLANG_WARN_UNGUARDED_AVAILABILITY = YES_AGGRESSIVE;
				CLANG_WARN_UNREACHABLE_CODE = YES;
				CLANG_WARN__DUPLICATE_METHOD_MATCH = YES;
				CODE_SIGN_IDENTITY = "iPhone Developer";
				COPY_PHASE_STRIP = NO;
				DEBUG_INFORMATION_FORMAT = dwarf;
				ENABLE_STRICT_OBJC_MSGSEND = YES;
				ENABLE_TESTABILITY = YES;
				GCC_C_LANGUAGE_STANDARD = gnu11;
				GCC_DYNAMIC_NO_PIC = NO;
				GCC_NO_COMMON_BLOCKS = YES;
				GCC_OPTIMIZATION_LEVEL = 0;
				GCC_PREPROCESSOR_DEFINITIONS = (
					"DEBUG=1",
					"$(inherited)",
				);
				GCC_WARN_64_TO_32_BIT_CONVERSION = YES;
				GCC_WARN_ABOUT_RETURN_TYPE = YES_ERROR;
				GCC_WARN_UNDECLARED_SELECTOR = YES;
				GCC_WARN_UNINITIALIZED_AUTOS = YES_AGGRESSIVE;
				GCC_WARN_UNUSED_FUNCTION = YES;
				GCC_WARN_UNUSED_VARIABLE = YES;
				IPHONEOS_DEPLOYMENT_TARGET = 12.0;
				MTL_ENABLE_DEBUG_INFO = INCLUDE_SOURCE;
				MTL_FAST_MATH = YES;
				ONLY_ACTIVE_ARCH = YES;
				SDKROOT = iphoneos;
				SWIFT_ACTIVE_COMPILATION_CONDITIONS = DEBUG;
				SWIFT_OPTIMIZATION_LEVEL = "-Onone";
				SWIFT_VERSION = 5.0;
			};
			name = Debug;
		};
		A0D1EEFE216A55F50049227A /* Release */ = {
			isa = XCBuildConfiguration;
			buildSettings = {
				ALWAYS_EMBED_SWIFT_STANDARD_LIBRARIES = YES;
				ALWAYS_SEARCH_USER_PATHS = NO;
				CLANG_ANALYZER_NONNULL = YES;
				CLANG_ANALYZER_NUMBER_OBJECT_CONVERSION = YES_AGGRESSIVE;
				CLANG_CXX_LANGUAGE_STANDARD = "gnu++14";
				CLANG_CXX_LIBRARY = "libc++";
				CLANG_ENABLE_MODULES = YES;
				CLANG_ENABLE_OBJC_ARC = YES;
				CLANG_ENABLE_OBJC_WEAK = YES;
				CLANG_WARN_BLOCK_CAPTURE_AUTORELEASING = YES;
				CLANG_WARN_BOOL_CONVERSION = YES;
				CLANG_WARN_COMMA = YES;
				CLANG_WARN_CONSTANT_CONVERSION = YES;
				CLANG_WARN_DEPRECATED_OBJC_IMPLEMENTATIONS = YES;
				CLANG_WARN_DIRECT_OBJC_ISA_USAGE = YES_ERROR;
				CLANG_WARN_DOCUMENTATION_COMMENTS = YES;
				CLANG_WARN_EMPTY_BODY = YES;
				CLANG_WARN_ENUM_CONVERSION = YES;
				CLANG_WARN_INFINITE_RECURSION = YES;
				CLANG_WARN_INT_CONVERSION = YES;
				CLANG_WARN_NON_LITERAL_NULL_CONVERSION = YES;
				CLANG_WARN_OBJC_IMPLICIT_RETAIN_SELF = YES;
				CLANG_WARN_OBJC_LITERAL_CONVERSION = YES;
				CLANG_WARN_OBJC_ROOT_CLASS = YES_ERROR;
				CLANG_WARN_RANGE_LOOP_ANALYSIS = YES;
				CLANG_WARN_STRICT_PROTOTYPES = YES;
				CLANG_WARN_SUSPICIOUS_MOVE = YES;
				CLANG_WARN_UNGUARDED_AVAILABILITY = YES_AGGRESSIVE;
				CLANG_WARN_UNREACHABLE_CODE = YES;
				CLANG_WARN__DUPLICATE_METHOD_MATCH = YES;
				CODE_SIGN_IDENTITY = "iPhone Developer";
				COPY_PHASE_STRIP = NO;
				DEBUG_INFORMATION_FORMAT = "dwarf-with-dsym";
				ENABLE_NS_ASSERTIONS = NO;
				ENABLE_STRICT_OBJC_MSGSEND = YES;
				ENABLE_TESTABILITY = YES;
				GCC_C_LANGUAGE_STANDARD = gnu11;
				GCC_NO_COMMON_BLOCKS = YES;
				GCC_WARN_64_TO_32_BIT_CONVERSION = YES;
				GCC_WARN_ABOUT_RETURN_TYPE = YES_ERROR;
				GCC_WARN_UNDECLARED_SELECTOR = YES;
				GCC_WARN_UNINITIALIZED_AUTOS = YES_AGGRESSIVE;
				GCC_WARN_UNUSED_FUNCTION = YES;
				GCC_WARN_UNUSED_VARIABLE = YES;
				IPHONEOS_DEPLOYMENT_TARGET = 12.0;
				MTL_ENABLE_DEBUG_INFO = NO;
				MTL_FAST_MATH = YES;
				SDKROOT = iphoneos;
				SWIFT_COMPILATION_MODE = wholemodule;
				SWIFT_OPTIMIZATION_LEVEL = "-O";
				SWIFT_VERSION = 5.0;
				VALIDATE_PRODUCT = YES;
			};
			name = Release;
		};
		A0D1EF00216A55F50049227A /* Debug */ = {
			isa = XCBuildConfiguration;
			baseConfigurationReference = CE4BAC9FDDF191C67CCDC4F6 /* Pods-VicTmdb.debug.xcconfig */;
			buildSettings = {
				ALWAYS_EMBED_SWIFT_STANDARD_LIBRARIES = "$(inherited)";
				ASSETCATALOG_COMPILER_APPICON_NAME = AppIcon;
				CODE_SIGN_IDENTITY = "iPhone Developer";
				CODE_SIGN_STYLE = Automatic;
				DEVELOPMENT_TEAM = 8WMZSSREEU;
				INFOPLIST_FILE = VicTmdb/Info.plist;
				IPHONEOS_DEPLOYMENT_TARGET = 12.0;
				LD_RUNPATH_SEARCH_PATHS = (
					"$(inherited)",
					"@executable_path/Frameworks",
				);
				PRODUCT_BUNDLE_IDENTIFIER = vic.VicTmdb;
				PRODUCT_NAME = "$(TARGET_NAME)";
				PROVISIONING_PROFILE_SPECIFIER = "";
				SWIFT_VERSION = 5.0;
				TARGETED_DEVICE_FAMILY = "1,2";
			};
			name = Debug;
		};
		A0D1EF01216A55F50049227A /* Release */ = {
			isa = XCBuildConfiguration;
			baseConfigurationReference = 9965342D02D6A4CF2EB526E8 /* Pods-VicTmdb.release.xcconfig */;
			buildSettings = {
				ALWAYS_EMBED_SWIFT_STANDARD_LIBRARIES = "$(inherited)";
				ASSETCATALOG_COMPILER_APPICON_NAME = AppIcon;
				CODE_SIGN_IDENTITY = "iPhone Developer";
				CODE_SIGN_STYLE = Automatic;
				DEVELOPMENT_TEAM = 8WMZSSREEU;
				INFOPLIST_FILE = VicTmdb/Info.plist;
				IPHONEOS_DEPLOYMENT_TARGET = 12.0;
				LD_RUNPATH_SEARCH_PATHS = (
					"$(inherited)",
					"@executable_path/Frameworks",
				);
				PRODUCT_BUNDLE_IDENTIFIER = vic.VicTmdb;
				PRODUCT_NAME = "$(TARGET_NAME)";
				PROVISIONING_PROFILE_SPECIFIER = "";
				SWIFT_VERSION = 5.0;
				TARGETED_DEVICE_FAMILY = "1,2";
			};
			name = Release;
		};
		A0D1EF03216A55F50049227A /* Debug */ = {
			isa = XCBuildConfiguration;
			baseConfigurationReference = CB80E91771332F22FEC24D32 /* Pods-VicTmdbTests.debug.xcconfig */;
			buildSettings = {
				ALWAYS_EMBED_SWIFT_STANDARD_LIBRARIES = "$(inherited)";
				BUNDLE_LOADER = "$(TEST_HOST)";
				CODE_SIGN_STYLE = Automatic;
				DEVELOPMENT_TEAM = 8WMZSSREEU;
				INFOPLIST_FILE = VicTmdbTests/Info.plist;
				LD_RUNPATH_SEARCH_PATHS = (
					"$(inherited)",
					"@executable_path/Frameworks",
					"@loader_path/Frameworks",
				);
				PRODUCT_BUNDLE_IDENTIFIER = vic.VicTmdbTests;
				PRODUCT_NAME = "$(TARGET_NAME)";
				SWIFT_VERSION = 5.0;
				TARGETED_DEVICE_FAMILY = "1,2";
				TEST_HOST = "$(BUILT_PRODUCTS_DIR)/VicTmdb.app/VicTmdb";
			};
			name = Debug;
		};
		A0D1EF04216A55F50049227A /* Release */ = {
			isa = XCBuildConfiguration;
			baseConfigurationReference = B279BA65FCAF5A8D184FAA4E /* Pods-VicTmdbTests.release.xcconfig */;
			buildSettings = {
				ALWAYS_EMBED_SWIFT_STANDARD_LIBRARIES = "$(inherited)";
				BUNDLE_LOADER = "$(TEST_HOST)";
				CODE_SIGN_STYLE = Automatic;
				DEVELOPMENT_TEAM = 8WMZSSREEU;
				INFOPLIST_FILE = VicTmdbTests/Info.plist;
				LD_RUNPATH_SEARCH_PATHS = (
					"$(inherited)",
					"@executable_path/Frameworks",
					"@loader_path/Frameworks",
				);
				PRODUCT_BUNDLE_IDENTIFIER = vic.VicTmdbTests;
				PRODUCT_NAME = "$(TARGET_NAME)";
				SWIFT_VERSION = 5.0;
				TARGETED_DEVICE_FAMILY = "1,2";
				TEST_HOST = "$(BUILT_PRODUCTS_DIR)/VicTmdb.app/VicTmdb";
			};
			name = Release;
		};
		A0D1EF06216A55F50049227A /* Debug */ = {
			isa = XCBuildConfiguration;
			baseConfigurationReference = 855191EE37B3120CD80A2833 /* Pods-VicTmdbUITests.debug.xcconfig */;
			buildSettings = {
				ALWAYS_EMBED_SWIFT_STANDARD_LIBRARIES = YES;
				CODE_SIGN_STYLE = Automatic;
				DEVELOPMENT_TEAM = 8WMZSSREEU;
				INFOPLIST_FILE = VicTmdbUITests/Info.plist;
				LD_RUNPATH_SEARCH_PATHS = (
					"$(inherited)",
					"@executable_path/Frameworks",
					"@loader_path/Frameworks",
				);
				PRODUCT_BUNDLE_IDENTIFIER = vic.VicTmdbUITests;
				PRODUCT_NAME = "$(TARGET_NAME)";
				SWIFT_VERSION = 5.0;
				TARGETED_DEVICE_FAMILY = "1,2";
				TEST_TARGET_NAME = VicTmdb;
			};
			name = Debug;
		};
		A0D1EF07216A55F50049227A /* Release */ = {
			isa = XCBuildConfiguration;
			baseConfigurationReference = 02FB1EE02F8919B130F683FA /* Pods-VicTmdbUITests.release.xcconfig */;
			buildSettings = {
				ALWAYS_EMBED_SWIFT_STANDARD_LIBRARIES = YES;
				CODE_SIGN_STYLE = Automatic;
				DEVELOPMENT_TEAM = 8WMZSSREEU;
				INFOPLIST_FILE = VicTmdbUITests/Info.plist;
				LD_RUNPATH_SEARCH_PATHS = (
					"$(inherited)",
					"@executable_path/Frameworks",
					"@loader_path/Frameworks",
				);
				PRODUCT_BUNDLE_IDENTIFIER = vic.VicTmdbUITests;
				PRODUCT_NAME = "$(TARGET_NAME)";
				SWIFT_VERSION = 5.0;
				TARGETED_DEVICE_FAMILY = "1,2";
				TEST_TARGET_NAME = VicTmdb;
			};
			name = Release;
		};
/* End XCBuildConfiguration section */

/* Begin XCConfigurationList section */
		A0D1EED0216A55F20049227A /* Build configuration list for PBXProject "VicTmdb" */ = {
			isa = XCConfigurationList;
			buildConfigurations = (
				A0D1EEFD216A55F50049227A /* Debug */,
				A0D1EEFE216A55F50049227A /* Release */,
			);
			defaultConfigurationIsVisible = 0;
			defaultConfigurationName = Release;
		};
		A0D1EEFF216A55F50049227A /* Build configuration list for PBXNativeTarget "VicTmdb" */ = {
			isa = XCConfigurationList;
			buildConfigurations = (
				A0D1EF00216A55F50049227A /* Debug */,
				A0D1EF01216A55F50049227A /* Release */,
			);
			defaultConfigurationIsVisible = 0;
			defaultConfigurationName = Release;
		};
		A0D1EF02216A55F50049227A /* Build configuration list for PBXNativeTarget "VicTmdbTests" */ = {
			isa = XCConfigurationList;
			buildConfigurations = (
				A0D1EF03216A55F50049227A /* Debug */,
				A0D1EF04216A55F50049227A /* Release */,
			);
			defaultConfigurationIsVisible = 0;
			defaultConfigurationName = Release;
		};
		A0D1EF05216A55F50049227A /* Build configuration list for PBXNativeTarget "VicTmdbUITests" */ = {
			isa = XCConfigurationList;
			buildConfigurations = (
				A0D1EF06216A55F50049227A /* Debug */,
				A0D1EF07216A55F50049227A /* Release */,
			);
			defaultConfigurationIsVisible = 0;
			defaultConfigurationName = Release;
		};
/* End XCConfigurationList section */
	};
	rootObject = A0D1EECD216A55F20049227A /* Project object */;
}
